{
  "name": "server",
  "version": "1.0.0",
  "lockfileVersion": 1,
  "requires": true,
  "dependencies": {
    "cwg": {
      "version": "0.2.1",
      "resolved": "https://registry.npmjs.org/cwg/-/cwg-0.2.1.tgz",
      "integrity": "sha512-EFmLScMUoqJzs0yiTsftU2d2Q/YwVZYx4M+HGfZ6WldgjKBclNGx1+3tAAC0YJmz6fUY4zXTF6phQ3DQOr5i7Q==",
      "requires": {
        "gelerator": "^2.0.2"
      }
    },
    "esm": {
      "version": "3.2.25",
      "resolved": "https://registry.npmjs.org/esm/-/esm-3.2.25.tgz",
      "integrity": "sha512-U1suiZ2oDVWv4zPO56S0NcR5QriEahGtdN2OR6FiOG4WJvcjBVFB0qI4+eKoWFH483PKGuLuu6V8Z4T5g63UVA=="
    },
    "gelerator": {
      "version": "2.2.6",
      "resolved": "https://registry.npmjs.org/gelerator/-/gelerator-2.2.6.tgz",
      "integrity": "sha512-TsXWerEYsvGqsqpRy3u+GHDAqIkwj16lEIxuXRde7v8jG1JuAb3aoqR3um9Zq3uLeR0CmowORBB2VVaKxrxuyg=="
    },
    "lodash": {
      "version": "4.17.20",
      "resolved": "https://registry.npmjs.org/lodash/-/lodash-4.17.20.tgz",
      "integrity": "sha512-PlhdFcillOINfeV7Ni6oF1TAEayyZBoZ8bcshTHqOYJYlrqzRK5hagpagky5o4HfCzzd1TRkXPMFq6cKk9rGmA=="
    },
    "scrabble": {
      "version": "1.0.10",
      "resolved": "https://registry.npmjs.org/scrabble/-/scrabble-1.0.10.tgz",
      "integrity": "sha512-z1/H7pJfdaCtxL9STzWlryC2Kxdp9GUs9RDvBLDlZJtjaMhpQ2p9pB+Kv033gl3ZTxLH0PFP7Xe7VRazOdbSaA=="
    }
  }
}
